
Microsoft Visual Studio Solution File, Format Version 12.00
# Visual Studio Version 17
VisualStudioVersion = 17.7.34024.191
MinimumVisualStudioVersion = 10.0.40219.1
Project("{2150E333-8FDC-42A3-9474-1A3956D46DE8}") = "src", "src", "{F31678ED-3D94-469F-AFF1-4D776EDADF49}"
EndProject
Project("{2150E333-8FDC-42A3-9474-1A3956D46DE8}") = "tests", "tests", "{A635EB6C-B02C-4ABA-BFD4-5FE5F81A4349}"
EndProject
Project("{2150E333-8FDC-42A3-9474-1A3956D46DE8}") = "Console", "Console", "{B32B54EA-8C30-4CA4-83C3-5239A260CC35}"
EndProject
Project("{FAE04EC0-301F-11D3-BF4B-00C04F79EFBC}") = "SandBox.Console", "src\Console\SandBox.Console\SandBox.Console.csproj", "{F636CE83-3B9C-4485-A590-8401AEE2FDE8}"
EndProject
Global
	GlobalSection(SolutionConfigurationPlatforms) = preSolution
		Debug|Any CPU = Debug|Any CPU
		Release|Any CPU = Release|Any CPU
	EndGlobalSection
	GlobalSection(ProjectConfigurationPlatforms) = postSolution
		{F636CE83-3B9C-4485-A590-8401AEE2FDE8}.Debug|Any CPU.ActiveCfg = Debug|Any CPU
		{F636CE83-3B9C-4485-A590-8401AEE2FDE8}.Debug|Any CPU.Build.0 = Debug|Any CPU
		{F636CE83-3B9C-4485-A590-8401AEE2FDE8}.Release|Any CPU.ActiveCfg = Release|Any CPU
		{F636CE83-3B9C-4485-A590-8401AEE2FDE8}.Release|Any CPU.Build.0 = Release|Any CPU
	EndGlobalSection
	GlobalSection(SolutionProperties) = preSolution
		HideSolutionNode = FALSE
	EndGlobalSection
	GlobalSection(NestedProjects) = preSolution
		{B32B54EA-8C30-4CA4-83C3-5239A260CC35} = {F31678ED-3D94-469F-AFF1-4D776EDADF49}
		{F636CE83-3B9C-4485-A590-8401AEE2FDE8} = {B32B54EA-8C30-4CA4-83C3-5239A260CC35}
	EndGlobalSection
	GlobalSection(ExtensibilityGlobals) = postSolution
		SolutionGuid = {CD455601-4A1C-4E11-9991-92E8472F0F4E}
	EndGlobalSection
EndGlobal
